
Microsoft Visual Studio Solution File, Format Version 12.00
# Visual Studio Version 16
VisualStudioVersion = 16.0.30413.136
MinimumVisualStudioVersion = 10.0.40219.1
Project("{FAE04EC0-301F-11D3-BF4B-00C04F79EFBC}") = "MoneyTransfer", "MoneyTransfer.csproj", "{FDB386D2-CCCD-4A4D-919E-D1F9CF9B2E0B}"
EndProject
Global
	GlobalSection(SolutionConfigurationPlatforms) = preSolution
		Debug|Any CPU = Debug|Any CPU
		Release|Any CPU = Release|Any CPU
	EndGlobalSection
	GlobalSection(ProjectConfigurationPlatforms) = postSolution
		{FDB386D2-CCCD-4A4D-919E-D1F9CF9B2E0B}.Debug|Any CPU.ActiveCfg = Debug|Any CPU
		{FDB386D2-CCCD-4A4D-919E-D1F9CF9B2E0B}.Debug|Any CPU.Build.0 = Debug|Any CPU
		{FDB386D2-CCCD-4A4D-919E-D1F9CF9B2E0B}.Release|Any CPU.ActiveCfg = Release|Any CPU
		{FDB386D2-CCCD-4A4D-919E-D1F9CF9B2E0B}.Release|Any CPU.Build.0 = Release|Any CPU
	EndGlobalSection
	GlobalSection(SolutionProperties) = preSolution
		HideSolutionNode = FALSE
	EndGlobalSection
	GlobalSection(ExtensibilityGlobals) = postSolution
		SolutionGuid = {E23B01CC-E83F-4946-9494-E37F97E8A8B9}
	EndGlobalSection
EndGlobal
